
Microsoft Visual Studio Solution File, Format Version 12.00
# Visual Studio Version 17
VisualStudioVersion = 17.2.32616.157
MinimumVisualStudioVersion = 10.0.40219.1
Project("{9A19103F-16F7-4668-BE54-9A1E7A4F7556}") = "CarRacing", "CarRacing\CarRacing.csproj", "{A1F1D530-D991-42AB-BD30-2E7A9B932541}"
EndProject
Project("{9A19103F-16F7-4668-BE54-9A1E7A4F7556}") = "Robots", "Robots\Robots.csproj", "{9BCB5F3E-40C9-449B-ACD0-C16A1CCA35C4}"
EndProject
Project("{FAE04EC0-301F-11D3-BF4B-00C04F79EFBC}") = "Robots.Tests", "Robots.Tests\Robots.Tests.csproj", "{34AE1563-C3B1-472F-9CEE-0906754F5F6F}"
EndProject
Global
	GlobalSection(SolutionConfigurationPlatforms) = preSolution
		Debug|Any CPU = Debug|Any CPU
		Release|Any CPU = Release|Any CPU
	EndGlobalSection
	GlobalSection(ProjectConfigurationPlatforms) = postSolution
		{A1F1D530-D991-42AB-BD30-2E7A9B932541}.Debug|Any CPU.ActiveCfg = Debug|Any CPU
		{A1F1D530-D991-42AB-BD30-2E7A9B932541}.Debug|Any CPU.Build.0 = Debug|Any CPU
		{A1F1D530-D991-42AB-BD30-2E7A9B932541}.Release|Any CPU.ActiveCfg = Release|Any CPU
		{A1F1D530-D991-42AB-BD30-2E7A9B932541}.Release|Any CPU.Build.0 = Release|Any CPU
		{9BCB5F3E-40C9-449B-ACD0-C16A1CCA35C4}.Debug|Any CPU.ActiveCfg = Debug|Any CPU
		{9BCB5F3E-40C9-449B-ACD0-C16A1CCA35C4}.Debug|Any CPU.Build.0 = Debug|Any CPU
		{9BCB5F3E-40C9-449B-ACD0-C16A1CCA35C4}.Release|Any CPU.ActiveCfg = Release|Any CPU
		{9BCB5F3E-40C9-449B-ACD0-C16A1CCA35C4}.Release|Any CPU.Build.0 = Release|Any CPU
		{34AE1563-C3B1-472F-9CEE-0906754F5F6F}.Debug|Any CPU.ActiveCfg = Debug|Any CPU
		{34AE1563-C3B1-472F-9CEE-0906754F5F6F}.Debug|Any CPU.Build.0 = Debug|Any CPU
		{34AE1563-C3B1-472F-9CEE-0906754F5F6F}.Release|Any CPU.ActiveCfg = Release|Any CPU
		{34AE1563-C3B1-472F-9CEE-0906754F5F6F}.Release|Any CPU.Build.0 = Release|Any CPU
	EndGlobalSection
	GlobalSection(SolutionProperties) = preSolution
		HideSolutionNode = FALSE
	EndGlobalSection
	GlobalSection(ExtensibilityGlobals) = postSolution
		SolutionGuid = {66B0BEBD-51A2-482C-81B9-679B9303BF81}
	EndGlobalSection
EndGlobal
