
Microsoft Visual Studio Solution File, Format Version 12.00
# Visual Studio Version 17
VisualStudioVersion = 17.2.32616.157
MinimumVisualStudioVersion = 10.0.40219.1
Project("{9A19103F-16F7-4668-BE54-9A1E7A4F7556}") = "Person", "Person\Person.csproj", "{55111D54-6F1B-4F35-A9F4-5D914D829AD2}"
EndProject
Project("{9A19103F-16F7-4668-BE54-9A1E7A4F7556}") = "Zoo", "Zoo\Zoo.csproj", "{99E02D5F-AD71-4F3C-BCB4-792713B8EB6F}"
EndProject
Project("{9A19103F-16F7-4668-BE54-9A1E7A4F7556}") = "PlayersAndMonsters", "PlayersAndMonsters\PlayersAndMonsters.csproj", "{B6681FD4-5E68-4191-A139-F50BD31446E4}"
EndProject
Project("{9A19103F-16F7-4668-BE54-9A1E7A4F7556}") = "NeedForSpeed", "NeedForSpeed\NeedForSpeed.csproj", "{C25B639B-1211-4040-983E-CF094FF8A198}"
EndProject
Project("{9A19103F-16F7-4668-BE54-9A1E7A4F7556}") = "Restaurant", "Restaurant\Restaurant.csproj", "{3F1443A6-F7DD-4856-AEB4-33661BA1CAC3}"
EndProject
Project("{9A19103F-16F7-4668-BE54-9A1E7A4F7556}") = "Animals", "Animals\Animals.csproj", "{6464C1C0-875F-46FA-A760-ACC9CE8995E2}"
EndProject
Global
	GlobalSection(SolutionConfigurationPlatforms) = preSolution
		Debug|Any CPU = Debug|Any CPU
		Release|Any CPU = Release|Any CPU
	EndGlobalSection
	GlobalSection(ProjectConfigurationPlatforms) = postSolution
		{55111D54-6F1B-4F35-A9F4-5D914D829AD2}.Debug|Any CPU.ActiveCfg = Debug|Any CPU
		{55111D54-6F1B-4F35-A9F4-5D914D829AD2}.Debug|Any CPU.Build.0 = Debug|Any CPU
		{55111D54-6F1B-4F35-A9F4-5D914D829AD2}.Release|Any CPU.ActiveCfg = Release|Any CPU
		{55111D54-6F1B-4F35-A9F4-5D914D829AD2}.Release|Any CPU.Build.0 = Release|Any CPU
		{99E02D5F-AD71-4F3C-BCB4-792713B8EB6F}.Debug|Any CPU.ActiveCfg = Debug|Any CPU
		{99E02D5F-AD71-4F3C-BCB4-792713B8EB6F}.Debug|Any CPU.Build.0 = Debug|Any CPU
		{99E02D5F-AD71-4F3C-BCB4-792713B8EB6F}.Release|Any CPU.ActiveCfg = Release|Any CPU
		{99E02D5F-AD71-4F3C-BCB4-792713B8EB6F}.Release|Any CPU.Build.0 = Release|Any CPU
		{B6681FD4-5E68-4191-A139-F50BD31446E4}.Debug|Any CPU.ActiveCfg = Debug|Any CPU
		{B6681FD4-5E68-4191-A139-F50BD31446E4}.Debug|Any CPU.Build.0 = Debug|Any CPU
		{B6681FD4-5E68-4191-A139-F50BD31446E4}.Release|Any CPU.ActiveCfg = Release|Any CPU
		{B6681FD4-5E68-4191-A139-F50BD31446E4}.Release|Any CPU.Build.0 = Release|Any CPU
		{C25B639B-1211-4040-983E-CF094FF8A198}.Debug|Any CPU.ActiveCfg = Debug|Any CPU
		{C25B639B-1211-4040-983E-CF094FF8A198}.Debug|Any CPU.Build.0 = Debug|Any CPU
		{C25B639B-1211-4040-983E-CF094FF8A198}.Release|Any CPU.ActiveCfg = Release|Any CPU
		{C25B639B-1211-4040-983E-CF094FF8A198}.Release|Any CPU.Build.0 = Release|Any CPU
		{3F1443A6-F7DD-4856-AEB4-33661BA1CAC3}.Debug|Any CPU.ActiveCfg = Debug|Any CPU
		{3F1443A6-F7DD-4856-AEB4-33661BA1CAC3}.Debug|Any CPU.Build.0 = Debug|Any CPU
		{3F1443A6-F7DD-4856-AEB4-33661BA1CAC3}.Release|Any CPU.ActiveCfg = Release|Any CPU
		{3F1443A6-F7DD-4856-AEB4-33661BA1CAC3}.Release|Any CPU.Build.0 = Release|Any CPU
		{6464C1C0-875F-46FA-A760-ACC9CE8995E2}.Debug|Any CPU.ActiveCfg = Debug|Any CPU
		{6464C1C0-875F-46FA-A760-ACC9CE8995E2}.Debug|Any CPU.Build.0 = Debug|Any CPU
		{6464C1C0-875F-46FA-A760-ACC9CE8995E2}.Release|Any CPU.ActiveCfg = Release|Any CPU
		{6464C1C0-875F-46FA-A760-ACC9CE8995E2}.Release|Any CPU.Build.0 = Release|Any CPU
	EndGlobalSection
	GlobalSection(SolutionProperties) = preSolution
		HideSolutionNode = FALSE
	EndGlobalSection
	GlobalSection(ExtensibilityGlobals) = postSolution
		SolutionGuid = {FD79B2CF-D180-4534-B403-A44536FA6951}
	EndGlobalSection
EndGlobal
