
Microsoft Visual Studio Solution File, Format Version 12.00
# Visual Studio Version 17
VisualStudioVersion = 17.2.32616.157
MinimumVisualStudioVersion = 10.0.40219.1
Project("{9A19103F-16F7-4668-BE54-9A1E7A4F7556}") = "RobotService", "RobotService_Skeleton_6.0\RobotService.csproj", "{B2A851FA-CEA9-467E-B57C-CD2B9441A16F}"
EndProject
Project("{FAE04EC0-301F-11D3-BF4B-00C04F79EFBC}") = "RobotService.Tests", "RobotService.Tests\RobotService.Tests.csproj", "{71345055-0C9E-4910-B441-DF06469A3700}"
EndProject
Project("{9A19103F-16F7-4668-BE54-9A1E7A4F7556}") = "RobotFactory", "RobotFactory\RobotFactory.csproj", "{A8D5B9DA-828B-4FB6-9013-450CE15F5C08}"
EndProject
Project("{9A19103F-16F7-4668-BE54-9A1E7A4F7556}") = "RobotFactory.Tests", "RobotFactory.Tests\RobotFactory.Tests.csproj", "{172E9B16-6DC5-4CEB-AD8D-6BBACDEE9EF6}"
EndProject
Global
	GlobalSection(SolutionConfigurationPlatforms) = preSolution
		Debug|Any CPU = Debug|Any CPU
		Release|Any CPU = Release|Any CPU
	EndGlobalSection
	GlobalSection(ProjectConfigurationPlatforms) = postSolution
		{B2A851FA-CEA9-467E-B57C-CD2B9441A16F}.Debug|Any CPU.ActiveCfg = Debug|Any CPU
		{B2A851FA-CEA9-467E-B57C-CD2B9441A16F}.Debug|Any CPU.Build.0 = Debug|Any CPU
		{B2A851FA-CEA9-467E-B57C-CD2B9441A16F}.Release|Any CPU.ActiveCfg = Release|Any CPU
		{B2A851FA-CEA9-467E-B57C-CD2B9441A16F}.Release|Any CPU.Build.0 = Release|Any CPU
		{71345055-0C9E-4910-B441-DF06469A3700}.Debug|Any CPU.ActiveCfg = Debug|Any CPU
		{71345055-0C9E-4910-B441-DF06469A3700}.Debug|Any CPU.Build.0 = Debug|Any CPU
		{71345055-0C9E-4910-B441-DF06469A3700}.Release|Any CPU.ActiveCfg = Release|Any CPU
		{71345055-0C9E-4910-B441-DF06469A3700}.Release|Any CPU.Build.0 = Release|Any CPU
		{A8D5B9DA-828B-4FB6-9013-450CE15F5C08}.Debug|Any CPU.ActiveCfg = Debug|Any CPU
		{A8D5B9DA-828B-4FB6-9013-450CE15F5C08}.Debug|Any CPU.Build.0 = Debug|Any CPU
		{A8D5B9DA-828B-4FB6-9013-450CE15F5C08}.Release|Any CPU.ActiveCfg = Release|Any CPU
		{A8D5B9DA-828B-4FB6-9013-450CE15F5C08}.Release|Any CPU.Build.0 = Release|Any CPU
		{172E9B16-6DC5-4CEB-AD8D-6BBACDEE9EF6}.Debug|Any CPU.ActiveCfg = Debug|Any CPU
		{172E9B16-6DC5-4CEB-AD8D-6BBACDEE9EF6}.Debug|Any CPU.Build.0 = Debug|Any CPU
		{172E9B16-6DC5-4CEB-AD8D-6BBACDEE9EF6}.Release|Any CPU.ActiveCfg = Release|Any CPU
		{172E9B16-6DC5-4CEB-AD8D-6BBACDEE9EF6}.Release|Any CPU.Build.0 = Release|Any CPU
	EndGlobalSection
	GlobalSection(SolutionProperties) = preSolution
		HideSolutionNode = FALSE
	EndGlobalSection
	GlobalSection(ExtensibilityGlobals) = postSolution
		SolutionGuid = {61B0EDCF-741F-4D23-9173-5F0FE5A5EC11}
	EndGlobalSection
EndGlobal
