
Microsoft Visual Studio Solution File, Format Version 12.00
# Visual Studio Version 17
VisualStudioVersion = 17.2.32616.157
MinimumVisualStudioVersion = 10.0.40219.1
Project("{9A19103F-16F7-4668-BE54-9A1E7A4F7556}") = "OnlineShop", "OnlineShop-Skeleton\OnlineShop\OnlineShop.csproj", "{49A4C280-7BB9-450A-97CE-B7B86BF9F162}"
EndProject
Project("{9A19103F-16F7-4668-BE54-9A1E7A4F7556}") = "Computers", "OnlineShop-Skeleton\Computers-Skeleton\Computers\Computers.csproj", "{0A9515F8-59B3-41EC-8D84-FDCFD6D30A66}"
EndProject
Project("{FAE04EC0-301F-11D3-BF4B-00C04F79EFBC}") = "Computer.Tests2", "Computer.Tests2\Computer.Tests2.csproj", "{9312AC2D-A8A2-4493-93AA-53311C98C1E2}"
EndProject
Global
	GlobalSection(SolutionConfigurationPlatforms) = preSolution
		Debug|Any CPU = Debug|Any CPU
		Release|Any CPU = Release|Any CPU
	EndGlobalSection
	GlobalSection(ProjectConfigurationPlatforms) = postSolution
		{49A4C280-7BB9-450A-97CE-B7B86BF9F162}.Debug|Any CPU.ActiveCfg = Debug|Any CPU
		{49A4C280-7BB9-450A-97CE-B7B86BF9F162}.Debug|Any CPU.Build.0 = Debug|Any CPU
		{49A4C280-7BB9-450A-97CE-B7B86BF9F162}.Release|Any CPU.ActiveCfg = Release|Any CPU
		{49A4C280-7BB9-450A-97CE-B7B86BF9F162}.Release|Any CPU.Build.0 = Release|Any CPU
		{0A9515F8-59B3-41EC-8D84-FDCFD6D30A66}.Debug|Any CPU.ActiveCfg = Debug|Any CPU
		{0A9515F8-59B3-41EC-8D84-FDCFD6D30A66}.Debug|Any CPU.Build.0 = Debug|Any CPU
		{0A9515F8-59B3-41EC-8D84-FDCFD6D30A66}.Release|Any CPU.ActiveCfg = Release|Any CPU
		{0A9515F8-59B3-41EC-8D84-FDCFD6D30A66}.Release|Any CPU.Build.0 = Release|Any CPU
		{9312AC2D-A8A2-4493-93AA-53311C98C1E2}.Debug|Any CPU.ActiveCfg = Debug|Any CPU
		{9312AC2D-A8A2-4493-93AA-53311C98C1E2}.Debug|Any CPU.Build.0 = Debug|Any CPU
		{9312AC2D-A8A2-4493-93AA-53311C98C1E2}.Release|Any CPU.ActiveCfg = Release|Any CPU
		{9312AC2D-A8A2-4493-93AA-53311C98C1E2}.Release|Any CPU.Build.0 = Release|Any CPU
	EndGlobalSection
	GlobalSection(SolutionProperties) = preSolution
		HideSolutionNode = FALSE
	EndGlobalSection
	GlobalSection(ExtensibilityGlobals) = postSolution
		SolutionGuid = {2E0711A5-CDF2-4D93-A34B-C3CBD8CEAF93}
	EndGlobalSection
EndGlobal
