
Microsoft Visual Studio Solution File, Format Version 12.00
# Visual Studio Version 17
VisualStudioVersion = 17.2.32616.157
MinimumVisualStudioVersion = 10.0.40219.1
Project("{FAE04EC0-301F-11D3-BF4B-00C04F79EFBC}") = "Shapes", "Shapes\Shapes.csproj", "{24CC9DAC-A1EB-49CE-8FC5-4647561FB7C3}"
EndProject
Project("{FAE04EC0-301F-11D3-BF4B-00C04F79EFBC}") = "Cars", "Cars\Cars.csproj", "{CA97A6CF-7549-4ED0-9845-4995D6D91196}"
EndProject
Global
	GlobalSection(SolutionConfigurationPlatforms) = preSolution
		Debug|Any CPU = Debug|Any CPU
		Release|Any CPU = Release|Any CPU
	EndGlobalSection
	GlobalSection(ProjectConfigurationPlatforms) = postSolution
		{24CC9DAC-A1EB-49CE-8FC5-4647561FB7C3}.Debug|Any CPU.ActiveCfg = Debug|Any CPU
		{24CC9DAC-A1EB-49CE-8FC5-4647561FB7C3}.Debug|Any CPU.Build.0 = Debug|Any CPU
		{24CC9DAC-A1EB-49CE-8FC5-4647561FB7C3}.Release|Any CPU.ActiveCfg = Release|Any CPU
		{24CC9DAC-A1EB-49CE-8FC5-4647561FB7C3}.Release|Any CPU.Build.0 = Release|Any CPU
		{CA97A6CF-7549-4ED0-9845-4995D6D91196}.Debug|Any CPU.ActiveCfg = Debug|Any CPU
		{CA97A6CF-7549-4ED0-9845-4995D6D91196}.Debug|Any CPU.Build.0 = Debug|Any CPU
		{CA97A6CF-7549-4ED0-9845-4995D6D91196}.Release|Any CPU.ActiveCfg = Release|Any CPU
		{CA97A6CF-7549-4ED0-9845-4995D6D91196}.Release|Any CPU.Build.0 = Release|Any CPU
	EndGlobalSection
	GlobalSection(SolutionProperties) = preSolution
		HideSolutionNode = FALSE
	EndGlobalSection
	GlobalSection(ExtensibilityGlobals) = postSolution
		SolutionGuid = {21626C63-EC33-4416-BE94-0F7A538ECC33}
	EndGlobalSection
EndGlobal
