
Microsoft Visual Studio Solution File, Format Version 12.00
# Visual Studio Version 17
VisualStudioVersion = 17.2.32616.157
MinimumVisualStudioVersion = 10.0.40219.1
Project("{9A19103F-16F7-4668-BE54-9A1E7A4F7556}") = "SpaceStation", "SpaceStation\SpaceStation.csproj", "{075611D4-2D16-483A-8E94-017776E72DC5}"
EndProject
Project("{9A19103F-16F7-4668-BE54-9A1E7A4F7556}") = "HeroRepository", "HeroRepository\HeroRepository.csproj", "{6E800F7F-0ACD-4573-9D09-38D15A4CE52C}"
EndProject
Project("{FAE04EC0-301F-11D3-BF4B-00C04F79EFBC}") = "HeroRepository.Tests", "HeroRepository.Tests\HeroRepository.Tests.csproj", "{0FADD67B-C28E-4EC6-A881-2FD0EBBCC5CB}"
EndProject
Global
	GlobalSection(SolutionConfigurationPlatforms) = preSolution
		Debug|Any CPU = Debug|Any CPU
		Release|Any CPU = Release|Any CPU
	EndGlobalSection
	GlobalSection(ProjectConfigurationPlatforms) = postSolution
		{075611D4-2D16-483A-8E94-017776E72DC5}.Debug|Any CPU.ActiveCfg = Debug|Any CPU
		{075611D4-2D16-483A-8E94-017776E72DC5}.Debug|Any CPU.Build.0 = Debug|Any CPU
		{075611D4-2D16-483A-8E94-017776E72DC5}.Release|Any CPU.ActiveCfg = Release|Any CPU
		{075611D4-2D16-483A-8E94-017776E72DC5}.Release|Any CPU.Build.0 = Release|Any CPU
		{6E800F7F-0ACD-4573-9D09-38D15A4CE52C}.Debug|Any CPU.ActiveCfg = Debug|Any CPU
		{6E800F7F-0ACD-4573-9D09-38D15A4CE52C}.Debug|Any CPU.Build.0 = Debug|Any CPU
		{6E800F7F-0ACD-4573-9D09-38D15A4CE52C}.Release|Any CPU.ActiveCfg = Release|Any CPU
		{6E800F7F-0ACD-4573-9D09-38D15A4CE52C}.Release|Any CPU.Build.0 = Release|Any CPU
		{0FADD67B-C28E-4EC6-A881-2FD0EBBCC5CB}.Debug|Any CPU.ActiveCfg = Debug|Any CPU
		{0FADD67B-C28E-4EC6-A881-2FD0EBBCC5CB}.Debug|Any CPU.Build.0 = Debug|Any CPU
		{0FADD67B-C28E-4EC6-A881-2FD0EBBCC5CB}.Release|Any CPU.ActiveCfg = Release|Any CPU
		{0FADD67B-C28E-4EC6-A881-2FD0EBBCC5CB}.Release|Any CPU.Build.0 = Release|Any CPU
	EndGlobalSection
	GlobalSection(SolutionProperties) = preSolution
		HideSolutionNode = FALSE
	EndGlobalSection
	GlobalSection(ExtensibilityGlobals) = postSolution
		SolutionGuid = {69276F3F-A7FC-466F-B733-D2A925FE93B8}
	EndGlobalSection
EndGlobal
