
Microsoft Visual Studio Solution File, Format Version 12.00
# Visual Studio Version 17
VisualStudioVersion = 17.2.32616.157
MinimumVisualStudioVersion = 10.0.40219.1
Project("{9A19103F-16F7-4668-BE54-9A1E7A4F7556}") = "BookingApp", "01. Structure_Skeleton_6.0 (3)\BookingApp.csproj", "{3AAA330F-3339-463F-860F-8AFB9879D76C}"
EndProject
Project("{9A19103F-16F7-4668-BE54-9A1E7A4F7556}") = "FrontDeskApp", "FrontDeskApp\FrontDeskApp.csproj", "{BEDDBF4C-EC10-418D-BDBE-0BDCD1FB7279}"
EndProject
Project("{9A19103F-16F7-4668-BE54-9A1E7A4F7556}") = "FrontDeskApp.Tests", "FrontDeskApp.Tests\FrontDeskApp.Tests.csproj", "{5F000630-B5B2-45AF-ACD1-9D3999B11DFF}"
EndProject
Global
	GlobalSection(SolutionConfigurationPlatforms) = preSolution
		Debug|Any CPU = Debug|Any CPU
		Release|Any CPU = Release|Any CPU
	EndGlobalSection
	GlobalSection(ProjectConfigurationPlatforms) = postSolution
		{3AAA330F-3339-463F-860F-8AFB9879D76C}.Debug|Any CPU.ActiveCfg = Debug|Any CPU
		{3AAA330F-3339-463F-860F-8AFB9879D76C}.Debug|Any CPU.Build.0 = Debug|Any CPU
		{3AAA330F-3339-463F-860F-8AFB9879D76C}.Release|Any CPU.ActiveCfg = Release|Any CPU
		{3AAA330F-3339-463F-860F-8AFB9879D76C}.Release|Any CPU.Build.0 = Release|Any CPU
		{BEDDBF4C-EC10-418D-BDBE-0BDCD1FB7279}.Debug|Any CPU.ActiveCfg = Debug|Any CPU
		{BEDDBF4C-EC10-418D-BDBE-0BDCD1FB7279}.Debug|Any CPU.Build.0 = Debug|Any CPU
		{BEDDBF4C-EC10-418D-BDBE-0BDCD1FB7279}.Release|Any CPU.ActiveCfg = Release|Any CPU
		{BEDDBF4C-EC10-418D-BDBE-0BDCD1FB7279}.Release|Any CPU.Build.0 = Release|Any CPU
		{5F000630-B5B2-45AF-ACD1-9D3999B11DFF}.Debug|Any CPU.ActiveCfg = Debug|Any CPU
		{5F000630-B5B2-45AF-ACD1-9D3999B11DFF}.Debug|Any CPU.Build.0 = Debug|Any CPU
		{5F000630-B5B2-45AF-ACD1-9D3999B11DFF}.Release|Any CPU.ActiveCfg = Release|Any CPU
		{5F000630-B5B2-45AF-ACD1-9D3999B11DFF}.Release|Any CPU.Build.0 = Release|Any CPU
	EndGlobalSection
	GlobalSection(SolutionProperties) = preSolution
		HideSolutionNode = FALSE
	EndGlobalSection
	GlobalSection(ExtensibilityGlobals) = postSolution
		SolutionGuid = {C08D4E60-858C-4B39-87DB-6A19815E2D8E}
	EndGlobalSection
EndGlobal
